PODS:
  - Flutter (1.0.0)
  - wifi_scan_plugin (0.0.1):
    - Flutter

DEPENDENCIES:
  - Flutter (from `Flutter`)
  - wifi_scan_plugin (from `.symlinks/plugins/wifi_scan_plugin/ios`)

EXTERNAL SOURCES:
  Flutter:
    :path: Flutter
  wifi_scan_plugin:
    :path: ".symlinks/plugins/wifi_scan_plugin/ios"

SPEC CHECKSUMS:
  Flutter: 434fef37c0980e73bb6479ef766c45957d4b510c
  wifi_scan_plugin: d4402de25c2db06bfbaf79e4888cc209832864ea

PODFILE CHECKSUM: aafe91acc616949ddb318b77800a7f51bffa2a4c

COCOAPODS: 1.10.1
